// !$*UTF8*$!
{
	archiveVersion = 1;
	classes = {
	};
	objectVersion = 55;
	objects = {

/* Begin PBXBuildFile section */
		930368CC277C269500CBFDF2 /* level1.mp3 in Resources */ = {isa = PBXBuildFile; fileRef = 930368CE277C269500CBFDF2 /* level1.mp3 */; };
		930368D0277C26AE00CBFDF2 /* level2.mp3 in Resources */ = {isa = PBXBuildFile; fileRef = 930368D2277C26AE00CBFDF2 /* level2.mp3 */; };
		930368D4277C26B900CBFDF2 /* level3.mp3 in Resources */ = {isa = PBXBuildFile; fileRef = 930368D6277C26B900CBFDF2 /* level3.mp3 */; };
		930368DC277C2A6500CBFDF2 /* level4.mp3 in Resources */ = {isa = PBXBuildFile; fileRef = 930368DE277C2A6500CBFDF2 /* level4.mp3 */; };
		930368E0277C2A6C00CBFDF2 /* level5.mp3 in Resources */ = {isa = PBXBuildFile; fileRef = 930368E2277C2A6C00CBFDF2 /* level5.mp3 */; };
		930368E4277C2A7300CBFDF2 /* level6.mp3 in Resources */ = {isa = PBXBuildFile; fileRef = 930368E6277C2A7300CBFDF2 /* level6.mp3 */; };
		930368E8277C2A7A00CBFDF2 /* level7.mp3 in Resources */ = {isa = PBXBuildFile; fileRef = 930368EA277C2A7A00CBFDF2 /* level7.mp3 */; };
		930368EC277C2A8000CBFDF2 /* level8.mp3 in Resources */ = {isa = PBXBuildFile; fileRef = 930368EE277C2A8000CBFDF2 /* level8.mp3 */; };
		930368F0277C2A8500CBFDF2 /* level9.mp3 in Resources */ = {isa = PBXBuildFile; fileRef = 930368F2277C2A8500CBFDF2 /* level9.mp3 */; };
		930368F4277C2A8A00CBFDF2 /* level10.mp3 in Resources */ = {isa = PBXBuildFile; fileRef = 930368F6277C2A8A00CBFDF2 /* level10.mp3 */; };
		930368F8277C2A9000CBFDF2 /* level11.mp3 in Resources */ = {isa = PBXBuildFile; fileRef = 930368FA277C2A9000CBFDF2 /* level11.mp3 */; };
		930368FC277C2A9800CBFDF2 /* level12.mp3 in Resources */ = {isa = PBXBuildFile; fileRef = 930368FE277C2A9800CBFDF2 /* level12.mp3 */; };
		93036900277C2A9E00CBFDF2 /* level13.mp3 in Resources */ = {isa = PBXBuildFile; fileRef = 93036902277C2A9E00CBFDF2 /* level13.mp3 */; };
		93036904277C2AD800CBFDF2 /* level14.mp3 in Resources */ = {isa = PBXBuildFile; fileRef = 93036906277C2AD800CBFDF2 /* level14.mp3 */; };
		93036908277C2ADF00CBFDF2 /* level15.mp3 in Resources */ = {isa = PBXBuildFile; fileRef = 9303690A277C2ADF00CBFDF2 /* level15.mp3 */; };
		9303690C277C2AE500CBFDF2 /* level16.mp3 in Resources */ = {isa = PBXBuildFile; fileRef = 9303690E277C2AE500CBFDF2 /* level16.mp3 */; };
		93036910277C2AEA00CBFDF2 /* level17.mp3 in Resources */ = {isa = PBXBuildFile; fileRef = 93036912277C2AEA00CBFDF2 /* level17.mp3 */; };
		93036914277C2AEF00CBFDF2 /* level18.mp3 in Resources */ = {isa = PBXBuildFile; fileRef = 93036916277C2AEF00CBFDF2 /* level18.mp3 */; };
		93036918277C2AF300CBFDF2 /* level19.mp3 in Resources */ = {isa = PBXBuildFile; fileRef = 9303691A277C2AF300CBFDF2 /* level19.mp3 */; };
		9303691C277C2AF900CBFDF2 /* level20.mp3 in Resources */ = {isa = PBXBuildFile; fileRef = 9303691E277C2AF900CBFDF2 /* level20.mp3 */; };
		93036920277C2AFE00CBFDF2 /* level21.mp3 in Resources */ = {isa = PBXBuildFile; fileRef = 93036922277C2AFE00CBFDF2 /* level21.mp3 */; };
		93036924277C2B0600CBFDF2 /* level22.mp3 in Resources */ = {isa = PBXBuildFile; fileRef = 93036926277C2B0600CBFDF2 /* level22.mp3 */; };
		93036928277C2B0F00CBFDF2 /* level23.mp3 in Resources */ = {isa = PBXBuildFile; fileRef = 9303692A277C2B0F00CBFDF2 /* level23.mp3 */; };
		9303692C277C2B1500CBFDF2 /* level24.mp3 in Resources */ = {isa = PBXBuildFile; fileRef = 9303692E277C2B1500CBFDF2 /* level24.mp3 */; };
		93036930277C2B1B00CBFDF2 /* level25.mp3 in Resources */ = {isa = PBXBuildFile; fileRef = 93036932277C2B1B00CBFDF2 /* level25.mp3 */; };
		93036934277C2B2200CBFDF2 /* level26.mp3 in Resources */ = {isa = PBXBuildFile; fileRef = 93036936277C2B2200CBFDF2 /* level26.mp3 */; };
		93036938277C2B2800CBFDF2 /* level27.mp3 in Resources */ = {isa = PBXBuildFile; fileRef = 9303693A277C2B2800CBFDF2 /* level27.mp3 */; };
		9303693C277C2B2D00CBFDF2 /* level28.mp3 in Resources */ = {isa = PBXBuildFile; fileRef = 9303693E277C2B2D00CBFDF2 /* level28.mp3 */; };
		93036940277C2B3200CBFDF2 /* level29.mp3 in Resources */ = {isa = PBXBuildFile; fileRef = 93036942277C2B3200CBFDF2 /* level29.mp3 */; };
		93AC08E8272899F800788C39 /* YoyoFreeApp.swift in Sources */ = {isa = PBXBuildFile; fileRef = 93AC08E7272899F800788C39 /* YoyoFreeApp.swift */; };
		93AC08EA272899F800788C39 /* ContentView.swift in Sources */ = {isa = PBXBuildFile; fileRef = 93AC08E9272899F800788C39 /* ContentView.swift */; };
		93AC08EC272899F900788C39 /* Assets.xcassets in Resources */ = {isa = PBXBuildFile; fileRef = 93AC08EB272899F900788C39 /* Assets.xcassets */; };
		93AC08EF272899F900788C39 /* Preview Assets.xcassets in Resources */ = {isa = PBXBuildFile; fileRef = 93AC08EE272899F900788C39 /* Preview Assets.xcassets */; };
		93AC08F727289AA200788C39 /* MailView.swift in Sources */ = {isa = PBXBuildFile; fileRef = 93AC08F627289AA200788C39 /* MailView.swift */; };
		93AC08F927289AE200788C39 /* ResultView.swift in Sources */ = {isa = PBXBuildFile; fileRef = 93AC08F827289AE200788C39 /* ResultView.swift */; };
		93AC08FB27289B0600788C39 /* SettingsView.swift in Sources */ = {isa = PBXBuildFile; fileRef = 93AC08FA27289B0600788C39 /* SettingsView.swift */; };
		93AC08FD27289B2B00788C39 /* LapsImageView.swift in Sources */ = {isa = PBXBuildFile; fileRef = 93AC08FC27289B2B00788C39 /* LapsImageView.swift */; };
		93AC090027289B6A00788C39 /* myFunctions.swift in Sources */ = {isa = PBXBuildFile; fileRef = 93AC08FF27289B6A00788C39 /* myFunctions.swift */; };
		93AC09022728A7AC00788C39 /* DbHelper.swift in Sources */ = {isa = PBXBuildFile; fileRef = 93AC09012728A7AC00788C39 /* DbHelper.swift */; };
		93AC09242728A8B600788C39 /* beep.mp3 in Resources */ = {isa = PBXBuildFile; fileRef = 93AC090B2728A8B500788C39 /* beep.mp3 */; };
		93AC092C2728A8B600788C39 /* beep_halfway.mp3 in Resources */ = {isa = PBXBuildFile; fileRef = 93AC09132728A8B600788C39 /* beep_halfway.mp3 */; };
		93AC092F2728A8B600788C39 /* beep2.mp3 in Resources */ = {isa = PBXBuildFile; fileRef = 93AC09162728A8B600788C39 /* beep2.mp3 */; };
		93AC09312728A8B600788C39 /* auto_stop.mp3 in Resources */ = {isa = PBXBuildFile; fileRef = 93AC09182728A8B600788C39 /* auto_stop.mp3 */; };
		93AC09392728AA5500788C39 /* expresso.sqlite in Resources */ = {isa = PBXBuildFile; fileRef = 93AC09382728AA5500788C39 /* expresso.sqlite */; };
		93AC09BA2728AEC800788C39 /* ticktock.mp3 in Resources */ = {isa = PBXBuildFile; fileRef = 93AC099C2728AEC700788C39 /* ticktock.mp3 */; };
		93AC09C02729BBA300788C39 /* built_in_rest_beep.mp3 in Resources */ = {isa = PBXBuildFile; fileRef = 93AC09BF2729BBA300788C39 /* built_in_rest_beep.mp3 */; };
		93AC09C1272AB23100788C39 /* Localizable.strings in Resources */ = {isa = PBXBuildFile; fileRef = 93AC09C3272AB23100788C39 /* Localizable.strings */; };
		93E8999B2799809E00429877 /* ZoomableScrollView.swift in Sources */ = {isa = PBXBuildFile; fileRef = 93E8999A2799809E00429877 /* ZoomableScrollView.swift */; };
/* End PBXBuildFile section */

/* Begin PBXFileReference section */
		930368CD277C269500CBFDF2 /* Base */ = {isa = PBXFileReference; lastKnownFileType = audio.mp3; name = Base; path = Base.lproj/level1.mp3; sourceTree = "<group>"; };
		930368D1277C26AE00CBFDF2 /* Base */ = {isa = PBXFileReference; lastKnownFileType = audio.mp3; name = Base; path = Base.lproj/level2.mp3; sourceTree = "<group>"; };
		930368D5277C26B900CBFDF2 /* Base */ = {isa = PBXFileReference; lastKnownFileType = audio.mp3; name = Base; path = Base.lproj/level3.mp3; sourceTree = "<group>"; };
		930368D9277C297F00CBFDF2 /* es */ = {isa = PBXFileReference; lastKnownFileType = audio.mp3; name = es; path = es.lproj/level1.mp3; sourceTree = "<group>"; };
		930368DA277C2A5100CBFDF2 /* es */ = {isa = PBXFileReference; lastKnownFileType = audio.mp3; name = es; path = es.lproj/level2.mp3; sourceTree = "<group>"; };
		930368DB277C2A5500CBFDF2 /* es */ = {isa = PBXFileReference; lastKnownFileType = audio.mp3; name = es; path = es.lproj/level3.mp3; sourceTree = "<group>"; };
		930368DD277C2A6500CBFDF2 /* Base */ = {isa = PBXFileReference; lastKnownFileType = audio.mp3; name = Base; path = Base.lproj/level4.mp3; sourceTree = "<group>"; };
		930368DF277C2A6700CBFDF2 /* es */ = {isa = PBXFileReference; lastKnownFileType = audio.mp3; name = es; path = es.lproj/level4.mp3; sourceTree = "<group>"; };
		930368E1277C2A6C00CBFDF2 /* Base */ = {isa = PBXFileReference; lastKnownFileType = audio.mp3; name = Base; path = Base.lproj/level5.mp3; sourceTree = "<group>"; };
		930368E3277C2A6D00CBFDF2 /* es */ = {isa = PBXFileReference; lastKnownFileType = audio.mp3; name = es; path = es.lproj/level5.mp3; sourceTree = "<group>"; };
		930368E5277C2A7300CBFDF2 /* Base */ = {isa = PBXFileReference; lastKnownFileType = audio.mp3; name = Base; path = Base.lproj/level6.mp3; sourceTree = "<group>"; };
		930368E7277C2A7400CBFDF2 /* es */ = {isa = PBXFileReference; lastKnownFileType = audio.mp3; name = es; path = es.lproj/level6.mp3; sourceTree = "<group>"; };
		930368E9277C2A7A00CBFDF2 /* Base */ = {isa = PBXFileReference; lastKnownFileType = audio.mp3; name = Base; path = Base.lproj/level7.mp3; sourceTree = "<group>"; };
		930368EB277C2A7B00CBFDF2 /* es */ = {isa = PBXFileReference; lastKnownFileType = audio.mp3; name = es; path = es.lproj/level7.mp3; sourceTree = "<group>"; };
		930368ED277C2A8000CBFDF2 /* Base */ = {isa = PBXFileReference; lastKnownFileType = audio.mp3; name = Base; path = Base.lproj/level8.mp3; sourceTree = "<group>"; };
		930368EF277C2A8100CBFDF2 /* es */ = {isa = PBXFileReference; lastKnownFileType = audio.mp3; name = es; path = es.lproj/level8.mp3; sourceTree = "<group>"; };
		930368F1277C2A8500CBFDF2 /* Base */ = {isa = PBXFileReference; lastKnownFileType = audio.mp3; name = Base; path = Base.lproj/level9.mp3; sourceTree = "<group>"; };
		930368F3277C2A8600CBFDF2 /* es */ = {isa = PBXFileReference; lastKnownFileType = audio.mp3; name = es; path = es.lproj/level9.mp3; sourceTree = "<group>"; };
		930368F5277C2A8A00CBFDF2 /* Base */ = {isa = PBXFileReference; lastKnownFileType = audio.mp3; name = Base; path = Base.lproj/level10.mp3; sourceTree = "<group>"; };
		930368F7277C2A8B00CBFDF2 /* es */ = {isa = PBXFileReference; lastKnownFileType = audio.mp3; name = es; path = es.lproj/level10.mp3; sourceTree = "<group>"; };
		930368F9277C2A9000CBFDF2 /* Base */ = {isa = PBXFileReference; lastKnownFileType = audio.mp3; name = Base; path = Base.lproj/level11.mp3; sourceTree = "<group>"; };
		930368FB277C2A9100CBFDF2 /* es */ = {isa = PBXFileReference; lastKnownFileType = audio.mp3; name = es; path = es.lproj/level11.mp3; sourceTree = "<group>"; };
		930368FD277C2A9800CBFDF2 /* Base */ = {isa = PBXFileReference; lastKnownFileType = audio.mp3; name = Base; path = Base.lproj/level12.mp3; sourceTree = "<group>"; };
		930368FF277C2A9A00CBFDF2 /* es */ = {isa = PBXFileReference; lastKnownFileType = audio.mp3; name = es; path = es.lproj/level12.mp3; sourceTree = "<group>"; };
		93036901277C2A9E00CBFDF2 /* Base */ = {isa = PBXFileReference; lastKnownFileType = audio.mp3; name = Base; path = Base.lproj/level13.mp3; sourceTree = "<group>"; };
		93036903277C2AA100CBFDF2 /* es */ = {isa = PBXFileReference; lastKnownFileType = audio.mp3; name = es; path = es.lproj/level13.mp3; sourceTree = "<group>"; };
		93036905277C2AD800CBFDF2 /* Base */ = {isa = PBXFileReference; lastKnownFileType = audio.mp3; name = Base; path = Base.lproj/level14.mp3; sourceTree = "<group>"; };
		93036907277C2ADA00CBFDF2 /* es */ = {isa = PBXFileReference; lastKnownFileType = audio.mp3; name = es; path = es.lproj/level14.mp3; sourceTree = "<group>"; };
		93036909277C2ADF00CBFDF2 /* Base */ = {isa = PBXFileReference; lastKnownFileType = audio.mp3; name = Base; path = Base.lproj/level15.mp3; sourceTree = "<group>"; };
		9303690B277C2AE100CBFDF2 /* es */ = {isa = PBXFileReference; lastKnownFileType = audio.mp3; name = es; path = es.lproj/level15.mp3; sourceTree = "<group>"; };
		9303690D277C2AE500CBFDF2 /* Base */ = {isa = PBXFileReference; lastKnownFileType = audio.mp3; name = Base; path = Base.lproj/level16.mp3; sourceTree = "<group>"; };
		9303690F277C2AE600CBFDF2 /* es */ = {isa = PBXFileReference; lastKnownFileType = audio.mp3; name = es; path = es.lproj/level16.mp3; sourceTree = "<group>"; };
		93036911277C2AEA00CBFDF2 /* Base */ = {isa = PBXFileReference; lastKnownFileType = audio.mp3; name = Base; path = Base.lproj/level17.mp3; sourceTree = "<group>"; };
		93036913277C2AEB00CBFDF2 /* es */ = {isa = PBXFileReference; lastKnownFileType = audio.mp3; name = es; path = es.lproj/level17.mp3; sourceTree = "<group>"; };
		93036915277C2AEF00CBFDF2 /* Base */ = {isa = PBXFileReference; lastKnownFileType = audio.mp3; name = Base; path = Base.lproj/level18.mp3; sourceTree = "<group>"; };
		93036917277C2AF000CBFDF2 /* es */ = {isa = PBXFileReference; lastKnownFileType = audio.mp3; name = es; path = es.lproj/level18.mp3; sourceTree = "<group>"; };
		93036919277C2AF300CBFDF2 /* Base */ = {isa = PBXFileReference; lastKnownFileType = audio.mp3; name = Base; path = Base.lproj/level19.mp3; sourceTree = "<group>"; };
		9303691B277C2AF500CBFDF2 /* es */ = {isa = PBXFileReference; lastKnownFileType = audio.mp3; name = es; path = es.lproj/level19.mp3; sourceTree = "<group>"; };
		9303691D277C2AF900CBFDF2 /* Base */ = {isa = PBXFileReference; lastKnownFileType = audio.mp3; name = Base; path = Base.lproj/level20.mp3; sourceTree = "<group>"; };
		9303691F277C2AFB00CBFDF2 /* es */ = {isa = PBXFileReference; lastKnownFileType = audio.mp3; name = es; path = es.lproj/level20.mp3; sourceTree = "<group>"; };
		93036921277C2AFE00CBFDF2 /* Base */ = {isa = PBXFileReference; lastKnownFileType = audio.mp3; name = Base; path = Base.lproj/level21.mp3; sourceTree = "<group>"; };
		93036923277C2B0100CBFDF2 /* es */ = {isa = PBXFileReference; lastKnownFileType = audio.mp3; name = es; path = es.lproj/level21.mp3; sourceTree = "<group>"; };
		93036925277C2B0600CBFDF2 /* Base */ = {isa = PBXFileReference; lastKnownFileType = audio.mp3; name = Base; path = Base.lproj/level22.mp3; sourceTree = "<group>"; };
		93036927277C2B0800CBFDF2 /* es */ = {isa = PBXFileReference; lastKnownFileType = audio.mp3; name = es; path = es.lproj/level22.mp3; sourceTree = "<group>"; };
		93036929277C2B0F00CBFDF2 /* Base */ = {isa = PBXFileReference; lastKnownFileType = audio.mp3; name = Base; path = Base.lproj/level23.mp3; sourceTree = "<group>"; };
		9303692B277C2B1000CBFDF2 /* es */ = {isa = PBXFileReference; lastKnownFileType = audio.mp3; name = es; path = es.lproj/level23.mp3; sourceTree = "<group>"; };
		9303692D277C2B1500CBFDF2 /* Base */ = {isa = PBXFileReference; lastKnownFileType = audio.mp3; name = Base; path = Base.lproj/level24.mp3; sourceTree = "<group>"; };
		9303692F277C2B1700CBFDF2 /* es */ = {isa = PBXFileReference; lastKnownFileType = audio.mp3; name = es; path = es.lproj/level24.mp3; sourceTree = "<group>"; };
		93036931277C2B1B00CBFDF2 /* Base */ = {isa = PBXFileReference; lastKnownFileType = audio.mp3; name = Base; path = Base.lproj/level25.mp3; sourceTree = "<group>"; };
		93036933277C2B1E00CBFDF2 /* es */ = {isa = PBXFileReference; lastKnownFileType = audio.mp3; name = es; path = es.lproj/level25.mp3; sourceTree = "<group>"; };
		93036935277C2B2200CBFDF2 /* Base */ = {isa = PBXFileReference; lastKnownFileType = audio.mp3; name = Base; path = Base.lproj/level26.mp3; sourceTree = "<group>"; };
		93036937277C2B2300CBFDF2 /* es */ = {isa = PBXFileReference; lastKnownFileType = audio.mp3; name = es; path = es.lproj/level26.mp3; sourceTree = "<group>"; };
		93036939277C2B2800CBFDF2 /* Base */ = {isa = PBXFileReference; lastKnownFileType = audio.mp3; name = Base; path = Base.lproj/level27.mp3; sourceTree = "<group>"; };
		9303693B277C2B2900CBFDF2 /* es */ = {isa = PBXFileReference; lastKnownFileType = audio.mp3; name = es; path = es.lproj/level27.mp3; sourceTree = "<group>"; };
		9303693D277C2B2D00CBFDF2 /* Base */ = {isa = PBXFileReference; lastKnownFileType = audio.mp3; name = Base; path = Base.lproj/level28.mp3; sourceTree = "<group>"; };
		9303693F277C2B2F00CBFDF2 /* es */ = {isa = PBXFileReference; lastKnownFileType = audio.mp3; name = es; path = es.lproj/level28.mp3; sourceTree = "<group>"; };
		93036941277C2B3200CBFDF2 /* Base */ = {isa = PBXFileReference; lastKnownFileType = audio.mp3; name = Base; path = Base.lproj/level29.mp3; sourceTree = "<group>"; };
		93036943277C2B3300CBFDF2 /* es */ = {isa = PBXFileReference; lastKnownFileType = audio.mp3; name = es; path = es.lproj/level29.mp3; sourceTree = "<group>"; };
		93AC08E4272899F800788C39 /* Yoyo Test.app */ = {isa = PBXFileReference; explicitFileType = wrapper.application; includeInIndex = 0; path = "Yoyo Test.app"; sourceTree = BUILT_PRODUCTS_DIR; };
		93AC08E7272899F800788C39 /* YoyoFreeApp.swift */ = {isa = PBXFileReference; lastKnownFileType = sourcecode.swift; path = YoyoFreeApp.swift; sourceTree = "<group>"; };
		93AC08E9272899F800788C39 /* ContentView.swift */ = {isa = PBXFileReference; lastKnownFileType = sourcecode.swift; path = ContentView.swift; sourceTree = "<group>"; };
		93AC08EB272899F900788C39 /* Assets.xcassets */ = {isa = PBXFileReference; lastKnownFileType = folder.assetcatalog; path = Assets.xcassets; sourceTree = "<group>"; };
		93AC08EE272899F900788C39 /* Preview Assets.xcassets */ = {isa = PBXFileReference; lastKnownFileType = folder.assetcatalog; path = "Preview Assets.xcassets"; sourceTree = "<group>"; };
		93AC08F627289AA200788C39 /* MailView.swift */ = {isa = PBXFileReference; lastKnownFileType = sourcecode.swift; path = MailView.swift; sourceTree = "<group>"; };
		93AC08F827289AE200788C39 /* ResultView.swift */ = {isa = PBXFileReference; lastKnownFileType = sourcecode.swift; path = ResultView.swift; sourceTree = "<group>"; };
		93AC08FA27289B0600788C39 /* SettingsView.swift */ = {isa = PBXFileReference; lastKnownFileType = sourcecode.swift; path = SettingsView.swift; sourceTree = "<group>"; };
		93AC08FC27289B2B00788C39 /* LapsImageView.swift */ = {isa = PBXFileReference; lastKnownFileType = sourcecode.swift; path = LapsImageView.swift; sourceTree = "<group>"; };
		93AC08FF27289B6A00788C39 /* myFunctions.swift */ = {isa = PBXFileReference; lastKnownFileType = sourcecode.swift; path = myFunctions.swift; sourceTree = "<group>"; };
		93AC09012728A7AC00788C39 /* DbHelper.swift */ = {isa = PBXFileReference; lastKnownFileType = sourcecode.swift; path = DbHelper.swift; sourceTree = "<group>"; };
		93AC090B2728A8B500788C39 /* beep.mp3 */ = {isa = PBXFileReference; lastKnownFileType = audio.mp3; path = beep.mp3; sourceTree = "<group>"; };
		93AC09132728A8B600788C39 /* beep_halfway.mp3 */ = {isa = PBXFileReference; lastKnownFileType = audio.mp3; path = beep_halfway.mp3; sourceTree = "<group>"; };
		93AC09162728A8B600788C39 /* beep2.mp3 */ = {isa = PBXFileReference; lastKnownFileType = audio.mp3; path = beep2.mp3; sourceTree = "<group>"; };
		93AC09182728A8B600788C39 /* auto_stop.mp3 */ = {isa = PBXFileReference; lastKnownFileType = audio.mp3; path = auto_stop.mp3; sourceTree = "<group>"; };
		93AC09382728AA5500788C39 /* expresso.sqlite */ = {isa = PBXFileReference; lastKnownFileType = file; path = expresso.sqlite; sourceTree = "<group>"; };
		93AC099C2728AEC700788C39 /* ticktock.mp3 */ = {isa = PBXFileReference; lastKnownFileType = audio.mp3; path = ticktock.mp3; sourceTree = "<group>"; };
		93AC09BF2729BBA300788C39 /* built_in_rest_beep.mp3 */ = {isa = PBXFileReference; lastKnownFileType = audio.mp3; path = built_in_rest_beep.mp3; sourceTree = "<group>"; };
		93AC09C2272AB23100788C39 /* en */ = {isa = PBXFileReference; lastKnownFileType = text.plist.strings; name = en; path = en.lproj/Localizable.strings; sourceTree = "<group>"; };
		93AC09C4272AB23500788C39 /* es */ = {isa = PBXFileReference; lastKnownFileType = text.plist.strings; name = es; path = es.lproj/Localizable.strings; sourceTree = "<group>"; };
		93E8999A2799809E00429877 /* ZoomableScrollView.swift */ = {isa = PBXFileReference; fileEncoding = 4; lastKnownFileType = sourcecode.swift; path = ZoomableScrollView.swift; sourceTree = "<group>"; };
/* End PBXFileReference section */

/* Begin PBXFrameworksBuildPhase section */
		93AC08E1272899F800788C39 /* Frameworks */ = {
			isa = PBXFrameworksBuildPhase;
			buildActionMask = 2147483647;
			files = (
			);
			runOnlyForDeploymentPostprocessing = 0;
		};
/* End PBXFrameworksBuildPhase section */

/* Begin PBXGroup section */
		93AC08DB272899F800788C39 = {
			isa = PBXGroup;
			children = (
				93AC08E6272899F800788C39 /* YoyoFree */,
				93AC08E5272899F800788C39 /* Products */,
			);
			sourceTree = "<group>";
		};
		93AC08E5272899F800788C39 /* Products */ = {
			isa = PBXGroup;
			children = (
				93AC08E4272899F800788C39 /* Yoyo Test.app */,
			);
			name = Products;
			sourceTree = "<group>";
		};
		93AC08E6272899F800788C39 /* YoyoFree */ = {
			isa = PBXGroup;
			children = (
				93AC09382728AA5500788C39 /* expresso.sqlite */,
				93AC09032728A85200788C39 /* Sounds */,
				93AC08FE27289B4900788C39 /* Function */,
				93AC08F527289A7100788C39 /* Views */,
				93AC08E7272899F800788C39 /* YoyoFreeApp.swift */,
				93AC08EB272899F900788C39 /* Assets.xcassets */,
				93AC08ED272899F900788C39 /* Preview Content */,
				93AC09C3272AB23100788C39 /* Localizable.strings */,
			);
			path = YoyoFree;
			sourceTree = "<group>";
		};
		93AC08ED272899F900788C39 /* Preview Content */ = {
			isa = PBXGroup;
			children = (
				93AC08EE272899F900788C39 /* Preview Assets.xcassets */,
			);
			path = "Preview Content";
			sourceTree = "<group>";
		};
		93AC08F527289A7100788C39 /* Views */ = {
			isa = PBXGroup;
			children = (
				93E8999A2799809E00429877 /* ZoomableScrollView.swift */,
				93AC08E9272899F800788C39 /* ContentView.swift */,
				93AC08F627289AA200788C39 /* MailView.swift */,
				93AC08F827289AE200788C39 /* ResultView.swift */,
				93AC08FA27289B0600788C39 /* SettingsView.swift */,
				93AC08FC27289B2B00788C39 /* LapsImageView.swift */,
			);
			path = Views;
			sourceTree = "<group>";
		};
		93AC08FE27289B4900788C39 /* Function */ = {
			isa = PBXGroup;
			children = (
				93AC08FF27289B6A00788C39 /* myFunctions.swift */,
				93AC09012728A7AC00788C39 /* DbHelper.swift */,
			);
			path = Function;
			sourceTree = "<group>";
		};
		93AC09032728A85200788C39 /* Sounds */ = {
			isa = PBXGroup;
			children = (
				93AC09BF2729BBA300788C39 /* built_in_rest_beep.mp3 */,
				930368CE277C269500CBFDF2 /* level1.mp3 */,
				930368D2277C26AE00CBFDF2 /* level2.mp3 */,
				930368D6277C26B900CBFDF2 /* level3.mp3 */,
				930368DE277C2A6500CBFDF2 /* level4.mp3 */,
				930368E2277C2A6C00CBFDF2 /* level5.mp3 */,
				930368E6277C2A7300CBFDF2 /* level6.mp3 */,
				930368EA277C2A7A00CBFDF2 /* level7.mp3 */,
				930368EE277C2A8000CBFDF2 /* level8.mp3 */,
				930368F2277C2A8500CBFDF2 /* level9.mp3 */,
				930368F6277C2A8A00CBFDF2 /* level10.mp3 */,
				930368FA277C2A9000CBFDF2 /* level11.mp3 */,
				930368FE277C2A9800CBFDF2 /* level12.mp3 */,
				93036902277C2A9E00CBFDF2 /* level13.mp3 */,
				93036906277C2AD800CBFDF2 /* level14.mp3 */,
				9303690A277C2ADF00CBFDF2 /* level15.mp3 */,
				9303690E277C2AE500CBFDF2 /* level16.mp3 */,
				93036912277C2AEA00CBFDF2 /* level17.mp3 */,
				93036916277C2AEF00CBFDF2 /* level18.mp3 */,
				9303691A277C2AF300CBFDF2 /* level19.mp3 */,
				9303691E277C2AF900CBFDF2 /* level20.mp3 */,
				93036922277C2AFE00CBFDF2 /* level21.mp3 */,
				93036926277C2B0600CBFDF2 /* level22.mp3 */,
				9303692A277C2B0F00CBFDF2 /* level23.mp3 */,
				9303692E277C2B1500CBFDF2 /* level24.mp3 */,
				93036932277C2B1B00CBFDF2 /* level25.mp3 */,
				93036936277C2B2200CBFDF2 /* level26.mp3 */,
				9303693A277C2B2800CBFDF2 /* level27.mp3 */,
				9303693E277C2B2D00CBFDF2 /* level28.mp3 */,
				93036942277C2B3200CBFDF2 /* level29.mp3 */,
				93AC099C2728AEC700788C39 /* ticktock.mp3 */,
				93AC09182728A8B600788C39 /* auto_stop.mp3 */,
				93AC09132728A8B600788C39 /* beep_halfway.mp3 */,
				93AC090B2728A8B500788C39 /* beep.mp3 */,
				93AC09162728A8B600788C39 /* beep2.mp3 */,
			);
			path = Sounds;
			sourceTree = "<group>";
		};
/* End PBXGroup section */

/* Begin PBXNativeTarget section */
		93AC08E3272899F800788C39 /* YoyoFree */ = {
			isa = PBXNativeTarget;
			buildConfigurationList = 93AC08F2272899F900788C39 /* Build configuration list for PBXNativeTarget "YoyoFree" */;
			buildPhases = (
				93AC08E0272899F800788C39 /* Sources */,
				93AC08E1272899F800788C39 /* Frameworks */,
				93AC08E2272899F800788C39 /* Resources */,
			);
			buildRules = (
			);
			dependencies = (
			);
			name = YoyoFree;
			productName = YoyoFree;
			productReference = 93AC08E4272899F800788C39 /* Yoyo Test.app */;
			productType = "com.apple.product-type.application";
		};
/* End PBXNativeTarget section */

/* Begin PBXProject section */
		93AC08DC272899F800788C39 /* Project object */ = {
			isa = PBXProject;
			attributes = {
				BuildIndependentTargetsInParallel = 1;
				LastSwiftUpdateCheck = 1300;
				LastUpgradeCheck = 1300;
				TargetAttributes = {
					93AC08E3272899F800788C39 = {
						CreatedOnToolsVersion = 13.0;
					};
				};
			};
			buildConfigurationList = 93AC08DF272899F800788C39 /* Build configuration list for PBXProject "YoyoFree" */;
			compatibilityVersion = "Xcode 13.0";
			developmentRegion = en;
			hasScannedForEncodings = 0;
			knownRegions = (
				en,
				Base,
				es,
			);
			mainGroup = 93AC08DB272899F800788C39;
			productRefGroup = 93AC08E5272899F800788C39 /* Products */;
			projectDirPath = "";
			projectRoot = "";
			targets = (
				93AC08E3272899F800788C39 /* YoyoFree */,
			);
		};
/* End PBXProject section */

/* Begin PBXResourcesBuildPhase section */
		93AC08E2272899F800788C39 /* Resources */ = {
			isa = PBXResourcesBuildPhase;
			buildActionMask = 2147483647;
			files = (
				930368EC277C2A8000CBFDF2 /* level8.mp3 in Resources */,
				930368E0277C2A6C00CBFDF2 /* level5.mp3 in Resources */,
				93036934277C2B2200CBFDF2 /* level26.mp3 in Resources */,
				9303691C277C2AF900CBFDF2 /* level20.mp3 in Resources */,
				930368D0277C26AE00CBFDF2 /* level2.mp3 in Resources */,
				930368DC277C2A6500CBFDF2 /* level4.mp3 in Resources */,
				93036928277C2B0F00CBFDF2 /* level23.mp3 in Resources */,
				93036940277C2B3200CBFDF2 /* level29.mp3 in Resources */,
				93036918277C2AF300CBFDF2 /* level19.mp3 in Resources */,
				93036920277C2AFE00CBFDF2 /* level21.mp3 in Resources */,
				9303693C277C2B2D00CBFDF2 /* level28.mp3 in Resources */,
				93AC09C02729BBA300788C39 /* built_in_rest_beep.mp3 in Resources */,
				93036924277C2B0600CBFDF2 /* level22.mp3 in Resources */,
				930368D4277C26B900CBFDF2 /* level3.mp3 in Resources */,
				93AC08EF272899F900788C39 /* Preview Assets.xcassets in Resources */,
				93036914277C2AEF00CBFDF2 /* level18.mp3 in Resources */,
				9303692C277C2B1500CBFDF2 /* level24.mp3 in Resources */,
				93036900277C2A9E00CBFDF2 /* level13.mp3 in Resources */,
				9303690C277C2AE500CBFDF2 /* level16.mp3 in Resources */,
				930368E4277C2A7300CBFDF2 /* level6.mp3 in Resources */,
				93036904277C2AD800CBFDF2 /* level14.mp3 in Resources */,
				930368F4277C2A8A00CBFDF2 /* level10.mp3 in Resources */,
				93036938277C2B2800CBFDF2 /* level27.mp3 in Resources */,
				93036908277C2ADF00CBFDF2 /* level15.mp3 in Resources */,
				930368F0277C2A8500CBFDF2 /* level9.mp3 in Resources */,
				93AC09392728AA5500788C39 /* expresso.sqlite in Resources */,
				93AC09312728A8B600788C39 /* auto_stop.mp3 in Resources */,
				93AC09242728A8B600788C39 /* beep.mp3 in Resources */,
				930368E8277C2A7A00CBFDF2 /* level7.mp3 in Resources */,
				93036930277C2B1B00CBFDF2 /* level25.mp3 in Resources */,
				93036910277C2AEA00CBFDF2 /* level17.mp3 in Resources */,
				930368FC277C2A9800CBFDF2 /* level12.mp3 in Resources */,
				930368F8277C2A9000CBFDF2 /* level11.mp3 in Resources */,
				93AC08EC272899F900788C39 /* Assets.xcassets in Resources */,
				93AC09C1272AB23100788C39 /* Localizable.strings in Resources */,
				93AC092F2728A8B600788C39 /* beep2.mp3 in Resources */,
				930368CC277C269500CBFDF2 /* level1.mp3 in Resources */,
				93AC09BA2728AEC800788C39 /* ticktock.mp3 in Resources */,
				93AC092C2728A8B600788C39 /* beep_halfway.mp3 in Resources */,
			);
			runOnlyForDeploymentPostprocessing = 0;
		};
/* End PBXResourcesBuildPhase section */

/* Begin PBXSourcesBuildPhase section */
		93AC08E0272899F800788C39 /* Sources */ = {
			isa = PBXSourcesBuildPhase;
			buildActionMask = 2147483647;
			files = (
				93AC08FB27289B0600788C39 /* SettingsView.swift in Sources */,
				93AC08EA272899F800788C39 /* ContentView.swift in Sources */,
				93AC08FD27289B2B00788C39 /* LapsImageView.swift in Sources */,
				93AC08F927289AE200788C39 /* ResultView.swift in Sources */,
				93E8999B2799809E00429877 /* ZoomableScrollView.swift in Sources */,
				93AC08F727289AA200788C39 /* MailView.swift in Sources */,
				93AC08E8272899F800788C39 /* YoyoFreeApp.swift in Sources */,
				93AC090027289B6A00788C39 /* myFunctions.swift in Sources */,
				93AC09022728A7AC00788C39 /* DbHelper.swift in Sources */,
			);
			runOnlyForDeploymentPostprocessing = 0;
		};
/* End PBXSourcesBuildPhase section */

/* Begin PBXVariantGroup section */
		930368CE277C269500CBFDF2 /* level1.mp3 */ = {
			isa = PBXVariantGroup;
			children = (
				930368CD277C269500CBFDF2 /* Base */,
				930368D9277C297F00CBFDF2 /* es */,
			);
			name = level1.mp3;
			sourceTree = "<group>";
		};
		930368D2277C26AE00CBFDF2 /* level2.mp3 */ = {
			isa = PBXVariantGroup;
			children = (
				930368D1277C26AE00CBFDF2 /* Base */,
				930368DA277C2A5100CBFDF2 /* es */,
			);
			name = level2.mp3;
			sourceTree = "<group>";
		};
		930368D6277C26B900CBFDF2 /* level3.mp3 */ = {
			isa = PBXVariantGroup;
			children = (
				930368D5277C26B900CBFDF2 /* Base */,
				930368DB277C2A5500CBFDF2 /* es */,
			);
			name = level3.mp3;
			sourceTree = "<group>";
		};
		930368DE277C2A6500CBFDF2 /* level4.mp3 */ = {
			isa = PBXVariantGroup;
			children = (
				930368DD277C2A6500CBFDF2 /* Base */,
				930368DF277C2A6700CBFDF2 /* es */,
			);
			name = level4.mp3;
			sourceTree = "<group>";
		};
		930368E2277C2A6C00CBFDF2 /* level5.mp3 */ = {
			isa = PBXVariantGroup;
			children = (
				930368E1277C2A6C00CBFDF2 /* Base */,
				930368E3277C2A6D00CBFDF2 /* es */,
			);
			name = level5.mp3;
			sourceTree = "<group>";
		};
		930368E6277C2A7300CBFDF2 /* level6.mp3 */ = {
			isa = PBXVariantGroup;
			children = (
				930368E5277C2A7300CBFDF2 /* Base */,
				930368E7277C2A7400CBFDF2 /* es */,
			);
			name = level6.mp3;
			sourceTree = "<group>";
		};
		930368EA277C2A7A00CBFDF2 /* level7.mp3 */ = {
			isa = PBXVariantGroup;
			children = (
				930368E9277C2A7A00CBFDF2 /* Base */,
				930368EB277C2A7B00CBFDF2 /* es */,
			);
			name = level7.mp3;
			sourceTree = "<group>";
		};
		930368EE277C2A8000CBFDF2 /* level8.mp3 */ = {
			isa = PBXVariantGroup;
			children = (
				930368ED277C2A8000CBFDF2 /* Base */,
				930368EF277C2A8100CBFDF2 /* es */,
			);
			name = level8.mp3;
			sourceTree = "<group>";
		};
		930368F2277C2A8500CBFDF2 /* level9.mp3 */ = {
			isa = PBXVariantGroup;
			children = (
				930368F1277C2A8500CBFDF2 /* Base */,
				930368F3277C2A8600CBFDF2 /* es */,
			);
			name = level9.mp3;
			sourceTree = "<group>";
		};
		930368F6277C2A8A00CBFDF2 /* level10.mp3 */ = {
			isa = PBXVariantGroup;
			children = (
				930368F5277C2A8A00CBFDF2 /* Base */,
				930368F7277C2A8B00CBFDF2 /* es */,
			);
			name = level10.mp3;
			sourceTree = "<group>";
		};
		930368FA277C2A9000CBFDF2 /* level11.mp3 */ = {
			isa = PBXVariantGroup;
			children = (
				930368F9277C2A9000CBFDF2 /* Base */,
				930368FB277C2A9100CBFDF2 /* es */,
			);
			name = level11.mp3;
			sourceTree = "<group>";
		};
		930368FE277C2A9800CBFDF2 /* level12.mp3 */ = {
			isa = PBXVariantGroup;
			children = (
				930368FD277C2A9800CBFDF2 /* Base */,
				930368FF277C2A9A00CBFDF2 /* es */,
			);
			name = level12.mp3;
			sourceTree = "<group>";
		};
		93036902277C2A9E00CBFDF2 /* level13.mp3 */ = {
			isa = PBXVariantGroup;
			children = (
				93036901277C2A9E00CBFDF2 /* Base */,
				93036903277C2AA100CBFDF2 /* es */,
			);
			name = level13.mp3;
			sourceTree = "<group>";
		};
		93036906277C2AD800CBFDF2 /* level14.mp3 */ = {
			isa = PBXVariantGroup;
			children = (
				93036905277C2AD800CBFDF2 /* Base */,
				93036907277C2ADA00CBFDF2 /* es */,
			);
			name = level14.mp3;
			sourceTree = "<group>";
		};
		9303690A277C2ADF00CBFDF2 /* level15.mp3 */ = {
			isa = PBXVariantGroup;
			children = (
				93036909277C2ADF00CBFDF2 /* Base */,
				9303690B277C2AE100CBFDF2 /* es */,
			);
			name = level15.mp3;
			sourceTree = "<group>";
		};
		9303690E277C2AE500CBFDF2 /* level16.mp3 */ = {
			isa = PBXVariantGroup;
			children = (
				9303690D277C2AE500CBFDF2 /* Base */,
				9303690F277C2AE600CBFDF2 /* es */,
			);
			name = level16.mp3;
			sourceTree = "<group>";
		};
		93036912277C2AEA00CBFDF2 /* level17.mp3 */ = {
			isa = PBXVariantGroup;
			children = (
				93036911277C2AEA00CBFDF2 /* Base */,
				93036913277C2AEB00CBFDF2 /* es */,
			);
			name = level17.mp3;
			sourceTree = "<group>";
		};
		93036916277C2AEF00CBFDF2 /* level18.mp3 */ = {
			isa = PBXVariantGroup;
			children = (
				93036915277C2AEF00CBFDF2 /* Base */,
				93036917277C2AF000CBFDF2 /* es */,
			);
			name = level18.mp3;
			sourceTree = "<group>";
		};
		9303691A277C2AF300CBFDF2 /* level19.mp3 */ = {
			isa = PBXVariantGroup;
			children = (
				93036919277C2AF300CBFDF2 /* Base */,
				9303691B277C2AF500CBFDF2 /* es */,
			);
			name = level19.mp3;
			sourceTree = "<group>";
		};
		9303691E277C2AF900CBFDF2 /* level20.mp3 */ = {
			isa = PBXVariantGroup;
			children = (
				9303691D277C2AF900CBFDF2 /* Base */,
				9303691F277C2AFB00CBFDF2 /* es */,
			);
			name = level20.mp3;
			sourceTree = "<group>";
		};
		93036922277C2AFE00CBFDF2 /* level21.mp3 */ = {
			isa = PBXVariantGroup;
			children = (
				93036921277C2AFE00CBFDF2 /* Base */,
				93036923277C2B0100CBFDF2 /* es */,
			);
			name = level21.mp3;
			sourceTree = "<group>";
		};
		93036926277C2B0600CBFDF2 /* level22.mp3 */ = {
			isa = PBXVariantGroup;
			children = (
				93036925277C2B0600CBFDF2 /* Base */,
				93036927277C2B0800CBFDF2 /* es */,
			);
			name = level22.mp3;
			sourceTree = "<group>";
		};
		9303692A277C2B0F00CBFDF2 /* level23.mp3 */ = {
			isa = PBXVariantGroup;
			children = (
				93036929277C2B0F00CBFDF2 /* Base */,
				9303692B277C2B1000CBFDF2 /* es */,
			);
			name = level23.mp3;
			sourceTree = "<group>";
		};
		9303692E277C2B1500CBFDF2 /* level24.mp3 */ = {
			isa = PBXVariantGroup;
			children = (
				9303692D277C2B1500CBFDF2 /* Base */,
				9303692F277C2B1700CBFDF2 /* es */,
			);
			name = level24.mp3;
			sourceTree = "<group>";
		};
		93036932277C2B1B00CBFDF2 /* level25.mp3 */ = {
			isa = PBXVariantGroup;
			children = (
				93036931277C2B1B00CBFDF2 /* Base */,
				93036933277C2B1E00CBFDF2 /* es */,
			);
			name = level25.mp3;
			sourceTree = "<group>";
		};
		93036936277C2B2200CBFDF2 /* level26.mp3 */ = {
			isa = PBXVariantGroup;
			children = (
				93036935277C2B2200CBFDF2 /* Base */,
				93036937277C2B2300CBFDF2 /* es */,
			);
			name = level26.mp3;
			sourceTree = "<group>";
		};
		9303693A277C2B2800CBFDF2 /* level27.mp3 */ = {
			isa = PBXVariantGroup;
			children = (
				93036939277C2B2800CBFDF2 /* Base */,
				9303693B277C2B2900CBFDF2 /* es */,
			);
			name = level27.mp3;
			sourceTree = "<group>";
		};
		9303693E277C2B2D00CBFDF2 /* level28.mp3 */ = {
			isa = PBXVariantGroup;
			children = (
				9303693D277C2B2D00CBFDF2 /* Base */,
				9303693F277C2B2F00CBFDF2 /* es */,
			);
			name = level28.mp3;
			sourceTree = "<group>";
		};
		93036942277C2B3200CBFDF2 /* level29.mp3 */ = {
			isa = PBXVariantGroup;
			children = (
				93036941277C2B3200CBFDF2 /* Base */,
				93036943277C2B3300CBFDF2 /* es */,
			);
			name = level29.mp3;
			sourceTree = "<group>";
		};
		93AC09C3272AB23100788C39 /* Localizable.strings */ = {
			isa = PBXVariantGroup;
			children = (
				93AC09C2272AB23100788C39 /* en */,
				93AC09C4272AB23500788C39 /* es */,
			);
			name = Localizable.strings;
			sourceTree = "<group>";
		};
/* End PBXVariantGroup section */

/* Begin XCBuildConfiguration section */
		93AC08F0272899F900788C39 /* Debug */ = {
			isa = XCBuildConfiguration;
			buildSettings = {
				ALWAYS_SEARCH_USER_PATHS = NO;
				CLANG_ANALYZER_NONNULL = YES;
				CLANG_ANALYZER_NUMBER_OBJECT_CONVERSION = YES_AGGRESSIVE;
				CLANG_CXX_LANGUAGE_STANDARD = "gnu++17";
				CLANG_CXX_LIBRARY = "libc++";
				CLANG_ENABLE_MODULES = YES;
				CLANG_ENABLE_OBJC_ARC = YES;
				CLANG_ENABLE_OBJC_WEAK = YES;
				CLANG_WARN_BLOCK_CAPTURE_AUTORELEASING = YES;
				CLANG_WARN_BOOL_CONVERSION = YES;
				CLANG_WARN_COMMA = YES;
				CLANG_WARN_CONSTANT_CONVERSION = YES;
				CLANG_WARN_DEPRECATED_OBJC_IMPLEMENTATIONS = YES;
				CLANG_WARN_DIRECT_OBJC_ISA_USAGE = YES_ERROR;
				CLANG_WARN_DOCUMENTATION_COMMENTS = YES;
				CLANG_WARN_EMPTY_BODY = YES;
				CLANG_WARN_ENUM_CONVERSION = YES;
				CLANG_WARN_INFINITE_RECURSION = YES;
				CLANG_WARN_INT_CONVERSION = YES;
				CLANG_WARN_NON_LITERAL_NULL_CONVERSION = YES;
				CLANG_WARN_OBJC_IMPLICIT_RETAIN_SELF = YES;
				CLANG_WARN_OBJC_LITERAL_CONVERSION = YES;
				CLANG_WARN_OBJC_ROOT_CLASS = YES_ERROR;
				CLANG_WARN_QUOTED_INCLUDE_IN_FRAMEWORK_HEADER = YES;
				CLANG_WARN_RANGE_LOOP_ANALYSIS = YES;
				CLANG_WARN_STRICT_PROTOTYPES = YES;
				CLANG_WARN_SUSPICIOUS_MOVE = YES;
				CLANG_WARN_UNGUARDED_AVAILABILITY = YES_AGGRESSIVE;
				CLANG_WARN_UNREACHABLE_CODE = YES;
				CLANG_WARN__DUPLICATE_METHOD_MATCH = YES;
				COPY_PHASE_STRIP = NO;
				DEBUG_INFORMATION_FORMAT = dwarf;
				ENABLE_STRICT_OBJC_MSGSEND = YES;
				ENABLE_TESTABILITY = YES;
				GCC_C_LANGUAGE_STANDARD = gnu11;
				GCC_DYNAMIC_NO_PIC = NO;
				GCC_NO_COMMON_BLOCKS = YES;
				GCC_OPTIMIZATION_LEVEL = 0;
				GCC_PREPROCESSOR_DEFINITIONS = (
					"DEBUG=1",
					"$(inherited)",
				);
				GCC_WARN_64_TO_32_BIT_CONVERSION = YES;
				GCC_WARN_ABOUT_RETURN_TYPE = YES_ERROR;
				GCC_WARN_UNDECLARED_SELECTOR = YES;
				GCC_WARN_UNINITIALIZED_AUTOS = YES_AGGRESSIVE;
				GCC_WARN_UNUSED_FUNCTION = YES;
				GCC_WARN_UNUSED_VARIABLE = YES;
				IPHONEOS_DEPLOYMENT_TARGET = 15.0;
				MTL_ENABLE_DEBUG_INFO = INCLUDE_SOURCE;
				MTL_FAST_MATH = YES;
				ONLY_ACTIVE_ARCH = YES;
				SDKROOT = iphoneos;
				SWIFT_ACTIVE_COMPILATION_CONDITIONS = DEBUG;
				SWIFT_OPTIMIZATION_LEVEL = "-Onone";
			};
			name = Debug;
		};
		93AC08F1272899F900788C39 /* Release */ = {
			isa = XCBuildConfiguration;
			buildSettings = {
				ALWAYS_SEARCH_USER_PATHS = NO;
				CLANG_ANALYZER_NONNULL = YES;
				CLANG_ANALYZER_NUMBER_OBJECT_CONVERSION = YES_AGGRESSIVE;
				CLANG_CXX_LANGUAGE_STANDARD = "gnu++17";
				CLANG_CXX_LIBRARY = "libc++";
				CLANG_ENABLE_MODULES = YES;
				CLANG_ENABLE_OBJC_ARC = YES;
				CLANG_ENABLE_OBJC_WEAK = YES;
				CLANG_WARN_BLOCK_CAPTURE_AUTORELEASING = YES;
				CLANG_WARN_BOOL_CONVERSION = YES;
				CLANG_WARN_COMMA = YES;
				CLANG_WARN_CONSTANT_CONVERSION = YES;
				CLANG_WARN_DEPRECATED_OBJC_IMPLEMENTATIONS = YES;
				CLANG_WARN_DIRECT_OBJC_ISA_USAGE = YES_ERROR;
				CLANG_WARN_DOCUMENTATION_COMMENTS = YES;
				CLANG_WARN_EMPTY_BODY = YES;
				CLANG_WARN_ENUM_CONVERSION = YES;
				CLANG_WARN_INFINITE_RECURSION = YES;
				CLANG_WARN_INT_CONVERSION = YES;
				CLANG_WARN_NON_LITERAL_NULL_CONVERSION = YES;
				CLANG_WARN_OBJC_IMPLICIT_RETAIN_SELF = YES;
				CLANG_WARN_OBJC_LITERAL_CONVERSION = YES;
				CLANG_WARN_OBJC_ROOT_CLASS = YES_ERROR;
				CLANG_WARN_QUOTED_INCLUDE_IN_FRAMEWORK_HEADER = YES;
				CLANG_WARN_RANGE_LOOP_ANALYSIS = YES;
				CLANG_WARN_STRICT_PROTOTYPES = YES;
				CLANG_WARN_SUSPICIOUS_MOVE = YES;
				CLANG_WARN_UNGUARDED_AVAILABILITY = YES_AGGRESSIVE;
				CLANG_WARN_UNREACHABLE_CODE = YES;
				CLANG_WARN__DUPLICATE_METHOD_MATCH = YES;
				COPY_PHASE_STRIP = NO;
				DEBUG_INFORMATION_FORMAT = "dwarf-with-dsym";
				ENABLE_NS_ASSERTIONS = NO;
				ENABLE_STRICT_OBJC_MSGSEND = YES;
				GCC_C_LANGUAGE_STANDARD = gnu11;
				GCC_NO_COMMON_BLOCKS = YES;
				GCC_WARN_64_TO_32_BIT_CONVERSION = YES;
				GCC_WARN_ABOUT_RETURN_TYPE = YES_ERROR;
				GCC_WARN_UNDECLARED_SELECTOR = YES;
				GCC_WARN_UNINITIALIZED_AUTOS = YES_AGGRESSIVE;
				GCC_WARN_UNUSED_FUNCTION = YES;
				GCC_WARN_UNUSED_VARIABLE = YES;
				IPHONEOS_DEPLOYMENT_TARGET = 15.0;
				MTL_ENABLE_DEBUG_INFO = NO;
				MTL_FAST_MATH = YES;
				SDKROOT = iphoneos;
				SWIFT_COMPILATION_MODE = wholemodule;
				SWIFT_OPTIMIZATION_LEVEL = "-O";
				VALIDATE_PRODUCT = YES;
			};
			name = Release;
		};
		93AC08F3272899F900788C39 /* Debug */ = {
			isa = XCBuildConfiguration;
			buildSettings = {
				ASSETCATALOG_COMPILER_APPICON_NAME = AppIcon;
				ASSETCATALOG_COMPILER_GLOBAL_ACCENT_COLOR_NAME = AccentColor;
				CODE_SIGN_STYLE = Automatic;
				CURRENT_PROJECT_VERSION = 7;
				DEVELOPMENT_ASSET_PATHS = "\"YoyoFree/Preview Content\"";
				DEVELOPMENT_TEAM = 48TB63YB2P;
				ENABLE_PREVIEWS = YES;
				GENERATE_INFOPLIST_FILE = YES;
				INFOPLIST_KEY_UIApplicationSceneManifest_Generation = YES;
				INFOPLIST_KEY_UIApplicationSupportsIndirectInputEvents = YES;
				INFOPLIST_KEY_UILaunchScreen_Generation = YES;
				INFOPLIST_KEY_UISupportedInterfaceOrientations = UIInterfaceOrientationPortrait;
				INFOPLIST_KEY_UISupportedInterfaceOrientations_iPad = "UIInterfaceOrientationPortrait UIInterfaceOrientationPortraitUpsideDown UIInterfaceOrientationLandscapeLeft UIInterfaceOrientationLandscapeRight";
				INFOPLIST_KEY_UISupportedInterfaceOrientations_iPhone = "UIInterfaceOrientationPortrait UIInterfaceOrientationLandscapeLeft UIInterfaceOrientationLandscapeRight";
				INFOPLIST_KEY_UIUserInterfaceStyle = Dark;
				IPHONEOS_DEPLOYMENT_TARGET = 15.0;
				LD_RUNPATH_SEARCH_PATHS = (
					"$(inherited)",
					"@executable_path/Frameworks",
				);
				MARKETING_VERSION = 1.0.27;
				PRODUCT_BUNDLE_IDENTIFIER = com.ruval.YoyoFree;
				PRODUCT_NAME = "Yoyo Test";
				SWIFT_EMIT_LOC_STRINGS = YES;
				SWIFT_VERSION = 5.0;
				TARGETED_DEVICE_FAMILY = "1,2";
			};
			name = Debug;
		};
		93AC08F4272899F900788C39 /* Release */ = {
			isa = XCBuildConfiguration;
			buildSettings = {
				ASSETCATALOG_COMPILER_APPICON_NAME = AppIcon;
				ASSETCATALOG_COMPILER_GLOBAL_ACCENT_COLOR_NAME = AccentColor;
				CODE_SIGN_STYLE = Automatic;
				CURRENT_PROJECT_VERSION = 7;
				DEVELOPMENT_ASSET_PATHS = "\"YoyoFree/Preview Content\"";
				DEVELOPMENT_TEAM = 48TB63YB2P;
				ENABLE_PREVIEWS = YES;
				GENERATE_INFOPLIST_FILE = YES;
				INFOPLIST_KEY_UIApplicationSceneManifest_Generation = YES;
				INFOPLIST_KEY_UIApplicationSupportsIndirectInputEvents = YES;
				INFOPLIST_KEY_UILaunchScreen_Generation = YES;
				INFOPLIST_KEY_UISupportedInterfaceOrientations = UIInterfaceOrientationPortrait;
				INFOPLIST_KEY_UISupportedInterfaceOrientations_iPad = "UIInterfaceOrientationPortrait UIInterfaceOrientationPortraitUpsideDown UIInterfaceOrientationLandscapeLeft UIInterfaceOrientationLandscapeRight";
				INFOPLIST_KEY_UISupportedInterfaceOrientations_iPhone = "UIInterfaceOrientationPortrait UIInterfaceOrientationLandscapeLeft UIInterfaceOrientationLandscapeRight";
				INFOPLIST_KEY_UIUserInterfaceStyle = Dark;
				IPHONEOS_DEPLOYMENT_TARGET = 15.0;
				LD_RUNPATH_SEARCH_PATHS = (
					"$(inherited)",
					"@executable_path/Frameworks",
				);
				MARKETING_VERSION = 1.0.27;
				PRODUCT_BUNDLE_IDENTIFIER = com.ruval.YoyoFree;
				PRODUCT_NAME = "Yoyo Test";
				SWIFT_EMIT_LOC_STRINGS = YES;
				SWIFT_VERSION = 5.0;
				TARGETED_DEVICE_FAMILY = "1,2";
			};
			name = Release;
		};
/* End XCBuildConfiguration section */

/* Begin XCConfigurationList section */
		93AC08DF272899F800788C39 /* Build configuration list for PBXProject "YoyoFree" */ = {
			isa = XCConfigurationList;
			buildConfigurations = (
				93AC08F0272899F900788C39 /* Debug */,
				93AC08F1272899F900788C39 /* Release */,
			);
			defaultConfigurationIsVisible = 0;
			defaultConfigurationName = Release;
		};
		93AC08F2272899F900788C39 /* Build configuration list for PBXNativeTarget "YoyoFree" */ = {
			isa = XCConfigurationList;
			buildConfigurations = (
				93AC08F3272899F900788C39 /* Debug */,
				93AC08F4272899F900788C39 /* Release */,
			);
			defaultConfigurationIsVisible = 0;
			defaultConfigurationName = Release;
		};
/* End XCConfigurationList section */
	};
	rootObject = 93AC08DC272899F800788C39 /* Project object */;
}
